// !$*UTF8*$!
{
	archiveVersion = 1;
	classes = {
	};
	objectVersion = 46;
	objects = {

/* Begin PBXBuildFile section */
		C4A7CBF51A05905F00ACCD9F /* main.m in Sources */ = {isa = PBXBuildFile; fileRef = C4A7CBF41A05905F00ACCD9F /* main.m */; };
		C4A7CBF81A05905F00ACCD9F /* AppDelegate.m in Sources */ = {isa = PBXBuildFile; fileRef = C4A7CBF71A05905F00ACCD9F /* AppDelegate.m */; };
		C4A7CBFB1A05905F00ACCD9F /* ViewController.m in Sources */ = {isa = PBXBuildFile; fileRef = C4A7CBFA1A05905F00ACCD9F /* ViewController.m */; };
		C4A7CBFE1A05905F00ACCD9F /* Main.storyboard in Resources */ = {isa = PBXBuildFile; fileRef = C4A7CBFC1A05905F00ACCD9F /* Main.storyboard */; };
		C4A7CC001A05905F00ACCD9F /* Images.xcassets in Resources */ = {isa = PBXBuildFile; fileRef = C4A7CBFF1A05905F00ACCD9F /* Images.xcassets */; };
		C4A7CC031A05905F00ACCD9F /* LaunchScreen.xib in Resources */ = {isa = PBXBuildFile; fileRef = C4A7CC011A05905F00ACCD9F /* LaunchScreen.xib */; };
		C4A7CC0F1A05905F00ACCD9F /* TwitterTests.m in Sources */ = {isa = PBXBuildFile; fileRef = C4A7CC0E1A05905F00ACCD9F /* TwitterTests.m */; };
/* End PBXBuildFile section */

/* Begin PBXContainerItemProxy section */
		C4A7CC091A05905F00ACCD9F /* PBXContainerItemProxy */ = {
			isa = PBXContainerItemProxy;
			containerPortal = C4A7CBE71A05905F00ACCD9F /* Project object */;
			proxyType = 1;
			remoteGlobalIDString = C4A7CBEE1A05905F00ACCD9F;
			remoteInfo = Twitter;
		};
/* End PBXContainerItemProxy section */

/* Begin PBXFileReference section */
		C4A7CBEF1A05905F00ACCD9F /* Twitter.app */ = {isa = PBXFileReference; explicitFileType = wrapper.application; includeInIndex = 0; path = Twitter.app; sourceTree = BUILT_PRODUCTS_DIR; };
		C4A7CBF31A05905F00ACCD9F /* Info.plist */ = {isa = PBXFileReference; lastKnownFileType = text.plist.xml; path = Info.plist; sourceTree = "<group>"; };
		C4A7CBF41A05905F00ACCD9F /* main.m */ = {isa = PBXFileReference; lastKnownFileType = sourcecode.c.objc; path = main.m; sourceTree = "<group>"; };
		C4A7CBF61A05905F00ACCD9F /* AppDelegate.h */ = {isa = PBXFileReference; lastKnownFileType = sourcecode.c.h; path = AppDelegate.h; sourceTree = "<group>"; };
		C4A7CBF71A05905F00ACCD9F /* AppDelegate.m */ = {isa = PBXFileReference; lastKnownFileType = sourcecode.c.objc; path = AppDelegate.m; sourceTree = "<group>"; };
		C4A7CBF91A05905F00ACCD9F /* ViewController.h */ = {isa = PBXFileReference; lastKnownFileType = sourcecode.c.h; path = ViewController.h; sourceTree = "<group>"; };
		C4A7CBFA1A05905F00ACCD9F /* ViewController.m */ = {isa = PBXFileReference; lastKnownFileType = sourcecode.c.objc; path = ViewController.m; sourceTree = "<group>"; };
		C4A7CBFD1A05905F00ACCD9F /* Base */ = {isa = PBXFileReference; lastKnownFileType = file.storyboard; name = Base; path = Base.lproj/Main.storyboard; sourceTree = "<group>"; };
		C4A7CBFF1A05905F00ACCD9F /* Images.xcassets */ = {isa = PBXFileReference; lastKnownFileType = folder.assetcatalog; path = Images.xcassets; sourceTree = "<group>"; };
		C4A7CC021A05905F00ACCD9F /* Base */ = {isa = PBXFileReference; lastKnownFileType = file.xib; name = Base; path = Base.lproj/LaunchScreen.xib; sourceTree = "<group>"; };
		C4A7CC081A05905F00ACCD9F /* TwitterTests.xctest */ = {isa = PBXFileReference; explicitFileType = wrapper.cfbundle; includeInIndex = 0; path = TwitterTests.xctest; sourceTree = BUILT_PRODUCTS_DIR; };
		C4A7CC0D1A05905F00ACCD9F /* Info.plist */ = {isa = PBXFileReference; lastKnownFileType = text.plist.xml; path = Info.plist; sourceTree = "<group>"; };
		C4A7CC0E1A05905F00ACCD9F /* TwitterTests.m */ = {isa = PBXFileReference; lastKnownFileType = sourcecode.c.objc; path = TwitterTests.m; sourceTree = "<group>"; };
/* End PBXFileReference section */

/* Begin PBXFrameworksBuildPhase section */
		C4A7CBEC1A05905F00ACCD9F /* Frameworks */ = {
			isa = PBXFrameworksBuildPhase;
			buildActionMask = 2147483647;
			files = (
			);
			runOnlyForDeploymentPostprocessing = 0;
		};
		C4A7CC051A05905F00ACCD9F /* Frameworks */ = {
			isa = PBXFrameworksBuildPhase;
			buildActionMask = 2147483647;
			files = (
			);
			runOnlyForDeploymentPostprocessing = 0;
		};
/* End PBXFrameworksBuildPhase section */

/* Begin PBXGroup section */
		C4A7CBE61A05905F00ACCD9F = {
			isa = PBXGroup;
			children = (
				C4A7CBF11A05905F00ACCD9F /* Twitter */,
				C4A7CC0B1A05905F00ACCD9F /* TwitterTests */,
				C4A7CBF01A05905F00ACCD9F /* Products */,
			);
			sourceTree = "<group>";
		};
		C4A7CBF01A05905F00ACCD9F /* Products */ = {
			isa = PBXGroup;
			children = (
				C4A7CBEF1A05905F00ACCD9F /* Twitter.app */,
				C4A7CC081A05905F00ACCD9F /* TwitterTests.xctest */,
			);
			name = Products;
			sourceTree = "<group>";
		};
		C4A7CBF11A05905F00ACCD9F /* Twitter */ = {
			isa = PBXGroup;
			children = (
				C4A7CBF61A05905F00ACCD9F /* AppDelegate.h */,
				C4A7CBF71A05905F00ACCD9F /* AppDelegate.m */,
				C4A7CBF91A05905F00ACCD9F /* ViewController.h */,
				C4A7CBFA1A05905F00ACCD9F /* ViewController.m */,
				C4A7CBFC1A05905F00ACCD9F /* Main.storyboard */,
				C4A7CBFF1A05905F00ACCD9F /* Images.xcassets */,
				C4A7CC011A05905F00ACCD9F /* LaunchScreen.xib */,
				C4A7CBF21A05905F00ACCD9F /* Supporting Files */,
			);
			path = Twitter;
			sourceTree = "<group>";
		};
		C4A7CBF21A05905F00ACCD9F /* Supporting Files */ = {
			isa = PBXGroup;
			children = (
				C4A7CBF31A05905F00ACCD9F /* Info.plist */,
				C4A7CBF41A05905F00ACCD9F /* main.m */,
			);
			name = "Supporting Files";
			sourceTree = "<group>";
		};
		C4A7CC0B1A05905F00ACCD9F /* TwitterTests */ = {
			isa = PBXGroup;
			children = (
				C4A7CC0E1A05905F00ACCD9F /* TwitterTests.m */,
				C4A7CC0C1A05905F00ACCD9F /* Supporting Files */,
			);
			path = TwitterTests;
			sourceTree = "<group>";
		};
		C4A7CC0C1A05905F00ACCD9F /* Supporting Files */ = {
			isa = PBXGroup;
			children = (
				C4A7CC0D1A05905F00ACCD9F /* Info.plist */,
			);
			name = "Supporting Files";
			sourceTree = "<group>";
		};
/* End PBXGroup section */

/* Begin PBXNativeTarget section */
		C4A7CBEE1A05905F00ACCD9F /* Twitter */ = {
			isa = PBXNativeTarget;
			buildConfigurationList = C4A7CC121A05905F00ACCD9F /* Build configuration list for PBXNativeTarget "Twitter" */;
			buildPhases = (
				C4A7CBEB1A05905F00ACCD9F /* Sources */,
				C4A7CBEC1A05905F00ACCD9F /* Frameworks */,
				C4A7CBED1A05905F00ACCD9F /* Resources */,
			);
			buildRules = (
			);
			dependencies = (
			);
			name = Twitter;
			productName = Twitter;
			productReference = C4A7CBEF1A05905F00ACCD9F /* Twitter.app */;
			productType = "com.apple.product-type.application";
		};
		C4A7CC071A05905F00ACCD9F /* TwitterTests */ = {
			isa = PBXNativeTarget;
			buildConfigurationList = C4A7CC151A05905F00ACCD9F /* Build configuration list for PBXNativeTarget "TwitterTests" */;
			buildPhases = (
				C4A7CC041A05905F00ACCD9F /* Sources */,
				C4A7CC051A05905F00ACCD9F /* Frameworks */,
				C4A7CC061A05905F00ACCD9F /* Resources */,
			);
			buildRules = (
			);
			dependencies = (
				C4A7CC0A1A05905F00ACCD9F /* PBXTargetDependency */,
			);
			name = TwitterTests;
			productName = TwitterTests;
			productReference = C4A7CC081A05905F00ACCD9F /* TwitterTests.xctest */;
			productType = "com.apple.product-type.bundle.unit-test";
		};
/* End PBXNativeTarget section */

/* Begin PBXProject section */
		C4A7CBE71A05905F00ACCD9F /* Project object */ = {
			isa = PBXProject;
			attributes = {
				LastUpgradeCheck = 0610;
				ORGANIZATIONNAME = "Sumeet Ungratwar";
				TargetAttributes = {
					C4A7CBEE1A05905F00ACCD9F = {
						CreatedOnToolsVersion = 6.1;
					};
					C4A7CC071A05905F00ACCD9F = {
						CreatedOnToolsVersion = 6.1;
						TestTargetID = C4A7CBEE1A05905F00ACCD9F;
					};
				};
			};
			buildConfigurationList = C4A7CBEA1A05905F00ACCD9F /* Build configuration list for PBXProject "Twitter" */;
			compatibilityVersion = "Xcode 3.2";
			developmentRegion = English;
			hasScannedForEncodings = 0;
			knownRegions = (
				en,
				Base,
			);
			mainGroup = C4A7CBE61A05905F00ACCD9F;
			productRefGroup = C4A7CBF01A05905F00ACCD9F /* Products */;
			projectDirPath = "";
			projectRoot = "";
			targets = (
				C4A7CBEE1A05905F00ACCD9F /* Twitter */,
				C4A7CC071A05905F00ACCD9F /* TwitterTests */,
			);
		};
/* End PBXProject section */

/* Begin PBXResourcesBuildPhase section */
		C4A7CBED1A05905F00ACCD9F /* Resources */ = {
			isa = PBXResourcesBuildPhase;
			buildActionMask = 2147483647;
			files = (
				C4A7CBFE1A05905F00ACCD9F /* Main.storyboard in Resources */,
				C4A7CC031A05905F00ACCD9F /* LaunchScreen.xib in Resources */,
				C4A7CC001A05905F00ACCD9F /* Images.xcassets in Resources */,
			);
			runOnlyForDeploymentPostprocessing = 0;
		};
		C4A7CC061A05905F00ACCD9F /* Resources */ = {
			isa = PBXResourcesBuildPhase;
			buildActionMask = 2147483647;
			files = (
			);
			runOnlyForDeploymentPostprocessing = 0;
		};
/* End PBXResourcesBuildPhase section */

/* Begin PBXSourcesBuildPhase section */
		C4A7CBEB1A05905F00ACCD9F /* Sources */ = {
			isa = PBXSourcesBuildPhase;
			buildActionMask = 2147483647;
			files = (
				C4A7CBFB1A05905F00ACCD9F /* ViewController.m in Sources */,
				C4A7CBF81A05905F00ACCD9F /* AppDelegate.m in Sources */,
				C4A7CBF51A05905F00ACCD9F /* main.m in Sources */,
			);
			runOnlyForDeploymentPostprocessing = 0;
		};
		C4A7CC041A05905F00ACCD9F /* Sources */ = {
			isa = PBXSourcesBuildPhase;
			buildActionMask = 2147483647;
			files = (
				C4A7CC0F1A05905F00ACCD9F /* TwitterTests.m in Sources */,
			);
			runOnlyForDeploymentPostprocessing = 0;
		};
/* End PBXSourcesBuildPhase section */

/* Begin PBXTargetDependency section */
		C4A7CC0A1A05905F00ACCD9F /* PBXTargetDependency */ = {
			isa = PBXTargetDependency;
			target = C4A7CBEE1A05905F00ACCD9F /* Twitter */;
			targetProxy = C4A7CC091A05905F00ACCD9F /* PBXContainerItemProxy */;
		};
/* End PBXTargetDependency section */

/* Begin PBXVariantGroup section */
		C4A7CBFC1A05905F00ACCD9F /* Main.storyboard */ = {
			isa = PBXVariantGroup;
			children = (
				C4A7CBFD1A05905F00ACCD9F /* Base */,
			);
			name = Main.storyboard;
			sourceTree = "<group>";
		};
		C4A7CC011A05905F00ACCD9F /* LaunchScreen.xib */ = {
			isa = PBXVariantGroup;
			children = (
				C4A7CC021A05905F00ACCD9F /* Base */,
			);
			name = LaunchScreen.xib;
			sourceTree = "<group>";
		};
/* End PBXVariantGroup section */

/* Begin XCBuildConfiguration section */
		C4A7CC101A05905F00ACCD9F /* Debug */ = {
			isa = XCBuildConfiguration;
			buildSettings = {
				ALWAYS_SEARCH_USER_PATHS = NO;
				CLANG_CXX_LANGUAGE_STANDARD = "gnu++0x";
				CLANG_CXX_LIBRARY = "libc++";
				CLANG_ENABLE_MODULES = YES;
				CLANG_ENABLE_OBJC_ARC = YES;
				CLANG_WARN_BOOL_CONVERSION = YES;
				CLANG_WARN_CONSTANT_CONVERSION = YES;
				CLANG_WARN_DIRECT_OBJC_ISA_USAGE = YES_ERROR;
				CLANG_WARN_EMPTY_BODY = YES;
				CLANG_WARN_ENUM_CONVERSION = YES;
				CLANG_WARN_INT_CONVERSION = YES;
				CLANG_WARN_OBJC_ROOT_CLASS = YES_ERROR;
				CLANG_WARN_UNREACHABLE_CODE = YES;
				CLANG_WARN__DUPLICATE_METHOD_MATCH = YES;
				"CODE_SIGN_IDENTITY[sdk=iphoneos*]" = "iPhone Developer";
				COPY_PHASE_STRIP = NO;
				ENABLE_STRICT_OBJC_MSGSEND = YES;
				GCC_C_LANGUAGE_STANDARD = gnu99;
				GCC_DYNAMIC_NO_PIC = NO;
				GCC_OPTIMIZATION_LEVEL = 0;
				GCC_PREPROCESSOR_DEFINITIONS = (
					"DEBUG=1",
					"$(inherited)",
				);
				GCC_SYMBOLS_PRIVATE_EXTERN = NO;
				GCC_WARN_64_TO_32_BIT_CONVERSION = YES;
				GCC_WARN_ABOUT_RETURN_TYPE = YES_ERROR;
				GCC_WARN_UNDECLARED_SELECTOR = YES;
				GCC_WARN_UNINITIALIZED_AUTOS = YES_AGGRESSIVE;
				GCC_WARN_UNUSED_FUNCTION = YES;
				GCC_WARN_UNUSED_VARIABLE = YES;
				IPHONEOS_DEPLOYMENT_TARGET = 8.1;
				MTL_ENABLE_DEBUG_INFO = YES;
				ONLY_ACTIVE_ARCH = YES;
				SDKROOT = iphoneos;
				TARGETED_DEVICE_FAMILY = "1,2";
			};
			name = Debug;
		};
		C4A7CC111A05905F00ACCD9F /* Release */ = {
			isa = XCBuildConfiguration;
			buildSettings = {
				ALWAYS_SEARCH_USER_PATHS = NO;
				CLANG_CXX_LANGUAGE_STANDARD = "gnu++0x";
				CLANG_CXX_LIBRARY = "libc++";
				CLANG_ENABLE_MODULES = YES;
				CLANG_ENABLE_OBJC_ARC = YES;
				CLANG_WARN_BOOL_CONVERSION = YES;
				CLANG_WARN_CONSTANT_CONVERSION = YES;
				CLANG_WARN_DIRECT_OBJC_ISA_USAGE = YES_ERROR;
				CLANG_WARN_EMPTY_BODY = YES;
				CLANG_WARN_ENUM_CONVERSION = YES;
				CLANG_WARN_INT_CONVERSION = YES;
				CLANG_WARN_OBJC_ROOT_CLASS = YES_ERROR;
				CLANG_WARN_UNREACHABLE_CODE = YES;
				CLANG_WARN__DUPLICATE_METHOD_MATCH = YES;
				"CODE_SIGN_IDENTITY[sdk=iphoneos*]" = "iPhone Developer";
				COPY_PHASE_STRIP = YES;
				ENABLE_NS_ASSERTIONS = NO;
				ENABLE_STRICT_OBJC_MSGSEND = YES;
				GCC_C_LANGUAGE_STANDARD = gnu99;
				GCC_WARN_64_TO_32_BIT_CONVERSION = YES;
				GCC_WARN_ABOUT_RETURN_TYPE = YES_ERROR;
				GCC_WARN_UNDECLARED_SELECTOR = YES;
				GCC_WARN_UNINITIALIZED_AUTOS = YES_AGGRESSIVE;
				GCC_WARN_UNUSED_FUNCTION = YES;
				GCC_WARN_UNUSED_VARIABLE = YES;
				IPHONEOS_DEPLOYMENT_TARGET = 8.1;
				MTL_ENABLE_DEBUG_INFO = NO;
				SDKROOT = iphoneos;
				TARGETED_DEVICE_FAMILY = "1,2";
				VALIDATE_PRODUCT = YES;
			};
			name = Release;
		};
		C4A7CC131A05905F00ACCD9F /* Debug */ = {
			isa = XCBuildConfiguration;
			buildSettings = {
				ASSETCATALOG_COMPILER_APPICON_NAME = AppIcon;
				INFOPLIST_FILE = Twitter/Info.plist;
				LD_RUNPATH_SEARCH_PATHS = "$(inherited) @executable_path/Frameworks";
				PRODUCT_NAME = "$(TARGET_NAME)";
			};
			name = Debug;
		};
		C4A7CC141A05905F00ACCD9F /* Release */ = {
			isa = XCBuildConfiguration;
			buildSettings = {
				ASSETCATALOG_COMPILER_APPICON_NAME = AppIcon;
				INFOPLIST_FILE = Twitter/Info.plist;
				LD_RUNPATH_SEARCH_PATHS = "$(inherited) @executable_path/Frameworks";
				PRODUCT_NAME = "$(TARGET_NAME)";
			};
			name = Release;
		};
		C4A7CC161A05905F00ACCD9F /* Debug */ = {
			isa = XCBuildConfiguration;
			buildSettings = {
				BUNDLE_LOADER = "$(TEST_HOST)";
				FRAMEWORK_SEARCH_PATHS = (
					"$(SDKROOT)/Developer/Library/Frameworks",
					"$(inherited)",
				);
				GCC_PREPROCESSOR_DEFINITIONS = (
					"DEBUG=1",
					"$(inherited)",
				);
				INFOPLIST_FILE = TwitterTests/Info.plist;
				LD_RUNPATH_SEARCH_PATHS = "$(inherited) @executable_path/Frameworks @loader_path/Frameworks";
				PRODUCT_NAME = "$(TARGET_NAME)";
				TEST_HOST = "$(BUILT_PRODUCTS_DIR)/Twitter.app/Twitter";
			};
			name = Debug;
		};
		C4A7CC171A05905F00ACCD9F /* Release */ = {
			isa = XCBuildConfiguration;
			buildSettings = {
				BUNDLE_LOADER = "$(TEST_HOST)";
				FRAMEWORK_SEARCH_PATHS = (
					"$(SDKROOT)/Developer/Library/Frameworks",
					"$(inherited)",
				);
				INFOPLIST_FILE = TwitterTests/Info.plist;
				LD_RUNPATH_SEARCH_PATHS = "$(inherited) @executable_path/Frameworks @loader_path/Frameworks";
				PRODUCT_NAME = "$(TARGET_NAME)";
				TEST_HOST = "$(BUILT_PRODUCTS_DIR)/Twitter.app/Twitter";
			};
			name = Release;
		};
/* End XCBuildConfiguration section */

/* Begin XCConfigurationList section */
		C4A7CBEA1A05905F00ACCD9F /* Build configuration list for PBXProject "Twitter" */ = {
			isa = XCConfigurationList;
			buildConfigurations = (
				C4A7CC101A05905F00ACCD9F /* Debug */,
				C4A7CC111A05905F00ACCD9F /* Release */,
			);
			defaultConfigurationIsVisible = 0;
			defaultConfigurationName = Release;
		};
		C4A7CC121A05905F00ACCD9F /* Build configuration list for PBXNativeTarget "Twitter" */ = {
			isa = XCConfigurationList;
			buildConfigurations = (
				C4A7CC131A05905F00ACCD9F /* Debug */,
				C4A7CC141A05905F00ACCD9F /* Release */,
			);
			defaultConfigurationIsVisible = 0;
		};
		C4A7CC151A05905F00ACCD9F /* Build configuration list for PBXNativeTarget "TwitterTests" */ = {
			isa = XCConfigurationList;
			buildConfigurations = (
				C4A7CC161A05905F00ACCD9F /* Debug */,
				C4A7CC171A05905F00ACCD9F /* Release */,
			);
			defaultConfigurationIsVisible = 0;
		};
/* End XCConfigurationList section */
	};
	rootObject = C4A7CBE71A05905F00ACCD9F /* Project object */;
}
