// !$*UTF8*$!
{
	archiveVersion = 1;
	classes = {
	};
	objectVersion = 46;
	objects = {

/* Begin PBXBuildFile section */
		0512FE9D644FC9BD15117214 /* libPods.a in Frameworks */ = {isa = PBXBuildFile; fileRef = 8627F7306588AA86FC24C50A /* libPods.a */; };
		C40492441A0EF8D0002607DB /* MenuViewController.m in Sources */ = {isa = PBXBuildFile; fileRef = C40492421A0EF8D0002607DB /* MenuViewController.m */; };
		C40492451A0EF8D0002607DB /* MenuViewController.xib in Resources */ = {isa = PBXBuildFile; fileRef = C40492431A0EF8D0002607DB /* MenuViewController.xib */; };
		C40492491A0F02F0002607DB /* MainViewController.m in Sources */ = {isa = PBXBuildFile; fileRef = C40492471A0F02F0002607DB /* MainViewController.m */; };
		C404924A1A0F02F0002607DB /* MainViewController.xib in Resources */ = {isa = PBXBuildFile; fileRef = C40492481A0F02F0002607DB /* MainViewController.xib */; };
		C404924E1A0F24C7002607DB /* ProfileViewController.m in Sources */ = {isa = PBXBuildFile; fileRef = C404924C1A0F24C7002607DB /* ProfileViewController.m */; };
		C404924F1A0F24C7002607DB /* ProfileViewController.xib in Resources */ = {isa = PBXBuildFile; fileRef = C404924D1A0F24C7002607DB /* ProfileViewController.xib */; };
		C40492531A0F3C9A002607DB /* DummyViewController.m in Sources */ = {isa = PBXBuildFile; fileRef = C40492511A0F3C9A002607DB /* DummyViewController.m */; };
		C40492541A0F3C9A002607DB /* DummyViewController.xib in Resources */ = {isa = PBXBuildFile; fileRef = C40492521A0F3C9A002607DB /* DummyViewController.xib */; };
		C4A7CBF51A05905F00ACCD9F /* main.m in Sources */ = {isa = PBXBuildFile; fileRef = C4A7CBF41A05905F00ACCD9F /* main.m */; };
		C4A7CBF81A05905F00ACCD9F /* AppDelegate.m in Sources */ = {isa = PBXBuildFile; fileRef = C4A7CBF71A05905F00ACCD9F /* AppDelegate.m */; };
		C4A7CC001A05905F00ACCD9F /* Images.xcassets in Resources */ = {isa = PBXBuildFile; fileRef = C4A7CBFF1A05905F00ACCD9F /* Images.xcassets */; };
		C4A7CC031A05905F00ACCD9F /* LaunchScreen.xib in Resources */ = {isa = PBXBuildFile; fileRef = C4A7CC011A05905F00ACCD9F /* LaunchScreen.xib */; };
		C4A7CC0F1A05905F00ACCD9F /* TwitterTests.m in Sources */ = {isa = PBXBuildFile; fileRef = C4A7CC0E1A05905F00ACCD9F /* TwitterTests.m */; };
		C4A7CC1B1A05921D00ACCD9F /* LoginViewController.m in Sources */ = {isa = PBXBuildFile; fileRef = C4A7CC191A05921D00ACCD9F /* LoginViewController.m */; };
		C4A7CC1C1A05921D00ACCD9F /* LoginViewController.xib in Resources */ = {isa = PBXBuildFile; fileRef = C4A7CC1A1A05921D00ACCD9F /* LoginViewController.xib */; };
		C4A7CC1F1A0592E400ACCD9F /* TwitterClient.m in Sources */ = {isa = PBXBuildFile; fileRef = C4A7CC1E1A0592E400ACCD9F /* TwitterClient.m */; };
		C4A7CC261A05A49700ACCD9F /* Tweet.m in Sources */ = {isa = PBXBuildFile; fileRef = C4A7CC251A05A49700ACCD9F /* Tweet.m */; };
		C4A7CC291A05A4A000ACCD9F /* User.m in Sources */ = {isa = PBXBuildFile; fileRef = C4A7CC281A05A4A000ACCD9F /* User.m */; };
		C4A7CC2D1A05F46D00ACCD9F /* TweetsViewController.m in Sources */ = {isa = PBXBuildFile; fileRef = C4A7CC2B1A05F46D00ACCD9F /* TweetsViewController.m */; };
		C4A7CC2E1A05F46D00ACCD9F /* TweetsViewController.xib in Resources */ = {isa = PBXBuildFile; fileRef = C4A7CC2C1A05F46D00ACCD9F /* TweetsViewController.xib */; };
		C4A7CC321A0693FF00ACCD9F /* TweetCell.m in Sources */ = {isa = PBXBuildFile; fileRef = C4A7CC301A0693FF00ACCD9F /* TweetCell.m */; };
		C4A7CC331A0693FF00ACCD9F /* TweetCell.xib in Resources */ = {isa = PBXBuildFile; fileRef = C4A7CC311A0693FF00ACCD9F /* TweetCell.xib */; };
		C4A7CC371A06B5E100ACCD9F /* NewTweetViewController.m in Sources */ = {isa = PBXBuildFile; fileRef = C4A7CC351A06B5E100ACCD9F /* NewTweetViewController.m */; };
		C4A7CC381A06B5E100ACCD9F /* NewTweetViewController.xib in Resources */ = {isa = PBXBuildFile; fileRef = C4A7CC361A06B5E100ACCD9F /* NewTweetViewController.xib */; };
		C4A7CC411A07061800ACCD9F /* retweet.png in Resources */ = {isa = PBXBuildFile; fileRef = C4A7CC3E1A07061800ACCD9F /* retweet.png */; };
		C4A7CC421A07061800ACCD9F /* reply.png in Resources */ = {isa = PBXBuildFile; fileRef = C4A7CC3F1A07061800ACCD9F /* reply.png */; };
		C4A7CC431A07061800ACCD9F /* favorite.png in Resources */ = {isa = PBXBuildFile; fileRef = C4A7CC401A07061800ACCD9F /* favorite.png */; };
		C4A7CC471A07166200ACCD9F /* TweetViewController.m in Sources */ = {isa = PBXBuildFile; fileRef = C4A7CC451A07166200ACCD9F /* TweetViewController.m */; };
		C4A7CC481A07166200ACCD9F /* TweetViewController.xib in Resources */ = {isa = PBXBuildFile; fileRef = C4A7CC461A07166200ACCD9F /* TweetViewController.xib */; };
		C4A7CC4B1A07453000ACCD9F /* retweet_on.png in Resources */ = {isa = PBXBuildFile; fileRef = C4A7CC491A07453000ACCD9F /* retweet_on.png */; };
		C4A7CC4C1A07453000ACCD9F /* favorite_on.png in Resources */ = {isa = PBXBuildFile; fileRef = C4A7CC4A1A07453000ACCD9F /* favorite_on.png */; };
/* End PBXBuildFile section */

/* Begin PBXContainerItemProxy section */
		C4A7CC091A05905F00ACCD9F /* PBXContainerItemProxy */ = {
			isa = PBXContainerItemProxy;
			containerPortal = C4A7CBE71A05905F00ACCD9F /* Project object */;
			proxyType = 1;
			remoteGlobalIDString = C4A7CBEE1A05905F00ACCD9F;
			remoteInfo = Twitter;
		};
/* End PBXContainerItemProxy section */

/* Begin PBXFileReference section */
		8627F7306588AA86FC24C50A /* libPods.a */ = {isa = PBXFileReference; explicitFileType = archive.ar; includeInIndex = 0; path = libPods.a; sourceTree = BUILT_PRODUCTS_DIR; };
		AAC1F54D9431FB321A4AEE8A /* Pods.debug.xcconfig */ = {isa = PBXFileReference; includeInIndex = 1; lastKnownFileType = text.xcconfig; name = Pods.debug.xcconfig; path = "Pods/Target Support Files/Pods/Pods.debug.xcconfig"; sourceTree = "<group>"; };
		C40492411A0EF8D0002607DB /* MenuViewController.h */ = {isa = PBXFileReference; fileEncoding = 4; lastKnownFileType = sourcecode.c.h; path = MenuViewController.h; sourceTree = "<group>"; };
		C40492421A0EF8D0002607DB /* MenuViewController.m */ = {isa = PBXFileReference; fileEncoding = 4; lastKnownFileType = sourcecode.c.objc; path = MenuViewController.m; sourceTree = "<group>"; };
		C40492431A0EF8D0002607DB /* MenuViewController.xib */ = {isa = PBXFileReference; fileEncoding = 4; lastKnownFileType = file.xib; path = MenuViewController.xib; sourceTree = "<group>"; };
		C40492461A0F02F0002607DB /* MainViewController.h */ = {isa = PBXFileReference; fileEncoding = 4; lastKnownFileType = sourcecode.c.h; path = MainViewController.h; sourceTree = "<group>"; };
		C40492471A0F02F0002607DB /* MainViewController.m */ = {isa = PBXFileReference; fileEncoding = 4; lastKnownFileType = sourcecode.c.objc; path = MainViewController.m; sourceTree = "<group>"; };
		C40492481A0F02F0002607DB /* MainViewController.xib */ = {isa = PBXFileReference; fileEncoding = 4; lastKnownFileType = file.xib; path = MainViewController.xib; sourceTree = "<group>"; };
		C404924B1A0F24C7002607DB /* ProfileViewController.h */ = {isa = PBXFileReference; fileEncoding = 4; lastKnownFileType = sourcecode.c.h; path = ProfileViewController.h; sourceTree = "<group>"; };
		C404924C1A0F24C7002607DB /* ProfileViewController.m */ = {isa = PBXFileReference; fileEncoding = 4; lastKnownFileType = sourcecode.c.objc; path = ProfileViewController.m; sourceTree = "<group>"; };
		C404924D1A0F24C7002607DB /* ProfileViewController.xib */ = {isa = PBXFileReference; fileEncoding = 4; lastKnownFileType = file.xib; path = ProfileViewController.xib; sourceTree = "<group>"; };
		C40492501A0F3C9A002607DB /* DummyViewController.h */ = {isa = PBXFileReference; fileEncoding = 4; lastKnownFileType = sourcecode.c.h; path = DummyViewController.h; sourceTree = "<group>"; };
		C40492511A0F3C9A002607DB /* DummyViewController.m */ = {isa = PBXFileReference; fileEncoding = 4; lastKnownFileType = sourcecode.c.objc; path = DummyViewController.m; sourceTree = "<group>"; };
		C40492521A0F3C9A002607DB /* DummyViewController.xib */ = {isa = PBXFileReference; fileEncoding = 4; lastKnownFileType = file.xib; path = DummyViewController.xib; sourceTree = "<group>"; };
		C4A7CBEF1A05905F00ACCD9F /* Twitter.app */ = {isa = PBXFileReference; explicitFileType = wrapper.application; includeInIndex = 0; path = Twitter.app; sourceTree = BUILT_PRODUCTS_DIR; };
		C4A7CBF31A05905F00ACCD9F /* Info.plist */ = {isa = PBXFileReference; lastKnownFileType = text.plist.xml; path = Info.plist; sourceTree = "<group>"; };
		C4A7CBF41A05905F00ACCD9F /* main.m */ = {isa = PBXFileReference; lastKnownFileType = sourcecode.c.objc; path = main.m; sourceTree = "<group>"; };
		C4A7CBF61A05905F00ACCD9F /* AppDelegate.h */ = {isa = PBXFileReference; lastKnownFileType = sourcecode.c.h; path = AppDelegate.h; sourceTree = "<group>"; };
		C4A7CBF71A05905F00ACCD9F /* AppDelegate.m */ = {isa = PBXFileReference; lastKnownFileType = sourcecode.c.objc; path = AppDelegate.m; sourceTree = "<group>"; };
		C4A7CBFF1A05905F00ACCD9F /* Images.xcassets */ = {isa = PBXFileReference; lastKnownFileType = folder.assetcatalog; path = Images.xcassets; sourceTree = "<group>"; };
		C4A7CC021A05905F00ACCD9F /* Base */ = {isa = PBXFileReference; lastKnownFileType = file.xib; name = Base; path = Base.lproj/LaunchScreen.xib; sourceTree = "<group>"; };
		C4A7CC081A05905F00ACCD9F /* TwitterTests.xctest */ = {isa = PBXFileReference; explicitFileType = wrapper.cfbundle; includeInIndex = 0; path = TwitterTests.xctest; sourceTree = BUILT_PRODUCTS_DIR; };
		C4A7CC0D1A05905F00ACCD9F /* Info.plist */ = {isa = PBXFileReference; lastKnownFileType = text.plist.xml; path = Info.plist; sourceTree = "<group>"; };
		C4A7CC0E1A05905F00ACCD9F /* TwitterTests.m */ = {isa = PBXFileReference; lastKnownFileType = sourcecode.c.objc; path = TwitterTests.m; sourceTree = "<group>"; };
		C4A7CC181A05921D00ACCD9F /* LoginViewController.h */ = {isa = PBXFileReference; fileEncoding = 4; lastKnownFileType = sourcecode.c.h; path = LoginViewController.h; sourceTree = "<group>"; };
		C4A7CC191A05921D00ACCD9F /* LoginViewController.m */ = {isa = PBXFileReference; fileEncoding = 4; lastKnownFileType = sourcecode.c.objc; path = LoginViewController.m; sourceTree = "<group>"; };
		C4A7CC1A1A05921D00ACCD9F /* LoginViewController.xib */ = {isa = PBXFileReference; fileEncoding = 4; lastKnownFileType = file.xib; path = LoginViewController.xib; sourceTree = "<group>"; };
		C4A7CC1D1A0592E400ACCD9F /* TwitterClient.h */ = {isa = PBXFileReference; fileEncoding = 4; lastKnownFileType = sourcecode.c.h; path = TwitterClient.h; sourceTree = "<group>"; };
		C4A7CC1E1A0592E400ACCD9F /* TwitterClient.m */ = {isa = PBXFileReference; fileEncoding = 4; lastKnownFileType = sourcecode.c.objc; path = TwitterClient.m; sourceTree = "<group>"; };
		C4A7CC241A05A49700ACCD9F /* Tweet.h */ = {isa = PBXFileReference; fileEncoding = 4; lastKnownFileType = sourcecode.c.h; path = Tweet.h; sourceTree = "<group>"; };
		C4A7CC251A05A49700ACCD9F /* Tweet.m */ = {isa = PBXFileReference; fileEncoding = 4; lastKnownFileType = sourcecode.c.objc; path = Tweet.m; sourceTree = "<group>"; };
		C4A7CC271A05A4A000ACCD9F /* User.h */ = {isa = PBXFileReference; fileEncoding = 4; lastKnownFileType = sourcecode.c.h; path = User.h; sourceTree = "<group>"; };
		C4A7CC281A05A4A000ACCD9F /* User.m */ = {isa = PBXFileReference; fileEncoding = 4; lastKnownFileType = sourcecode.c.objc; path = User.m; sourceTree = "<group>"; };
		C4A7CC2A1A05F46D00ACCD9F /* TweetsViewController.h */ = {isa = PBXFileReference; fileEncoding = 4; lastKnownFileType = sourcecode.c.h; path = TweetsViewController.h; sourceTree = "<group>"; };
		C4A7CC2B1A05F46D00ACCD9F /* TweetsViewController.m */ = {isa = PBXFileReference; fileEncoding = 4; lastKnownFileType = sourcecode.c.objc; path = TweetsViewController.m; sourceTree = "<group>"; };
		C4A7CC2C1A05F46D00ACCD9F /* TweetsViewController.xib */ = {isa = PBXFileReference; fileEncoding = 4; lastKnownFileType = file.xib; path = TweetsViewController.xib; sourceTree = "<group>"; };
		C4A7CC2F1A0693FF00ACCD9F /* TweetCell.h */ = {isa = PBXFileReference; fileEncoding = 4; lastKnownFileType = sourcecode.c.h; path = TweetCell.h; sourceTree = "<group>"; };
		C4A7CC301A0693FF00ACCD9F /* TweetCell.m */ = {isa = PBXFileReference; fileEncoding = 4; lastKnownFileType = sourcecode.c.objc; path = TweetCell.m; sourceTree = "<group>"; };
		C4A7CC311A0693FF00ACCD9F /* TweetCell.xib */ = {isa = PBXFileReference; fileEncoding = 4; lastKnownFileType = file.xib; path = TweetCell.xib; sourceTree = "<group>"; };
		C4A7CC341A06B5E100ACCD9F /* NewTweetViewController.h */ = {isa = PBXFileReference; fileEncoding = 4; lastKnownFileType = sourcecode.c.h; path = NewTweetViewController.h; sourceTree = "<group>"; };
		C4A7CC351A06B5E100ACCD9F /* NewTweetViewController.m */ = {isa = PBXFileReference; fileEncoding = 4; lastKnownFileType = sourcecode.c.objc; path = NewTweetViewController.m; sourceTree = "<group>"; };
		C4A7CC361A06B5E100ACCD9F /* NewTweetViewController.xib */ = {isa = PBXFileReference; fileEncoding = 4; lastKnownFileType = file.xib; path = NewTweetViewController.xib; sourceTree = "<group>"; };
		C4A7CC3E1A07061800ACCD9F /* retweet.png */ = {isa = PBXFileReference; lastKnownFileType = image.png; path = retweet.png; sourceTree = "<group>"; };
		C4A7CC3F1A07061800ACCD9F /* reply.png */ = {isa = PBXFileReference; lastKnownFileType = image.png; path = reply.png; sourceTree = "<group>"; };
		C4A7CC401A07061800ACCD9F /* favorite.png */ = {isa = PBXFileReference; lastKnownFileType = image.png; path = favorite.png; sourceTree = "<group>"; };
		C4A7CC441A07166200ACCD9F /* TweetViewController.h */ = {isa = PBXFileReference; fileEncoding = 4; lastKnownFileType = sourcecode.c.h; path = TweetViewController.h; sourceTree = "<group>"; };
		C4A7CC451A07166200ACCD9F /* TweetViewController.m */ = {isa = PBXFileReference; fileEncoding = 4; lastKnownFileType = sourcecode.c.objc; path = TweetViewController.m; sourceTree = "<group>"; };
		C4A7CC461A07166200ACCD9F /* TweetViewController.xib */ = {isa = PBXFileReference; fileEncoding = 4; lastKnownFileType = file.xib; path = TweetViewController.xib; sourceTree = "<group>"; };
		C4A7CC491A07453000ACCD9F /* retweet_on.png */ = {isa = PBXFileReference; lastKnownFileType = image.png; path = retweet_on.png; sourceTree = "<group>"; };
		C4A7CC4A1A07453000ACCD9F /* favorite_on.png */ = {isa = PBXFileReference; lastKnownFileType = image.png; path = favorite_on.png; sourceTree = "<group>"; };
		F8E5BB0D0D1C5121B5962771 /* Pods.release.xcconfig */ = {isa = PBXFileReference; includeInIndex = 1; lastKnownFileType = text.xcconfig; name = Pods.release.xcconfig; path = "Pods/Target Support Files/Pods/Pods.release.xcconfig"; sourceTree = "<group>"; };
/* End PBXFileReference section */

/* Begin PBXFrameworksBuildPhase section */
		C4A7CBEC1A05905F00ACCD9F /* Frameworks */ = {
			isa = PBXFrameworksBuildPhase;
			buildActionMask = 2147483647;
			files = (
				0512FE9D644FC9BD15117214 /* libPods.a in Frameworks */,
			);
			runOnlyForDeploymentPostprocessing = 0;
		};
		C4A7CC051A05905F00ACCD9F /* Frameworks */ = {
			isa = PBXFrameworksBuildPhase;
			buildActionMask = 2147483647;
			files = (
			);
			runOnlyForDeploymentPostprocessing = 0;
		};
/* End PBXFrameworksBuildPhase section */

/* Begin PBXGroup section */
		040879E4F4D36875AC72113A /* Frameworks */ = {
			isa = PBXGroup;
			children = (
				8627F7306588AA86FC24C50A /* libPods.a */,
			);
			name = Frameworks;
			sourceTree = "<group>";
		};
		83FFE6BC4088233FBF9035FF /* Pods */ = {
			isa = PBXGroup;
			children = (
				AAC1F54D9431FB321A4AEE8A /* Pods.debug.xcconfig */,
				F8E5BB0D0D1C5121B5962771 /* Pods.release.xcconfig */,
			);
			name = Pods;
			sourceTree = "<group>";
		};
		C4A7CBE61A05905F00ACCD9F = {
			isa = PBXGroup;
			children = (
				C4A7CBF11A05905F00ACCD9F /* Twitter */,
				C4A7CC0B1A05905F00ACCD9F /* TwitterTests */,
				C4A7CBF01A05905F00ACCD9F /* Products */,
				83FFE6BC4088233FBF9035FF /* Pods */,
				040879E4F4D36875AC72113A /* Frameworks */,
			);
			sourceTree = "<group>";
		};
		C4A7CBF01A05905F00ACCD9F /* Products */ = {
			isa = PBXGroup;
			children = (
				C4A7CBEF1A05905F00ACCD9F /* Twitter.app */,
				C4A7CC081A05905F00ACCD9F /* TwitterTests.xctest */,
			);
			name = Products;
			sourceTree = "<group>";
		};
		C4A7CBF11A05905F00ACCD9F /* Twitter */ = {
			isa = PBXGroup;
			children = (
				C4A7CC441A07166200ACCD9F /* TweetViewController.h */,
				C4A7CC451A07166200ACCD9F /* TweetViewController.m */,
				C4A7CC461A07166200ACCD9F /* TweetViewController.xib */,
				C40492411A0EF8D0002607DB /* MenuViewController.h */,
				C40492421A0EF8D0002607DB /* MenuViewController.m */,
				C40492431A0EF8D0002607DB /* MenuViewController.xib */,
				C4A7CC231A05A48400ACCD9F /* Models */,
				C4A7CBF61A05905F00ACCD9F /* AppDelegate.h */,
				C4A7CBF71A05905F00ACCD9F /* AppDelegate.m */,
				C4A7CBFF1A05905F00ACCD9F /* Images.xcassets */,
				C4A7CC011A05905F00ACCD9F /* LaunchScreen.xib */,
				C4A7CBF21A05905F00ACCD9F /* Supporting Files */,
				C4A7CC341A06B5E100ACCD9F /* NewTweetViewController.h */,
				C4A7CC351A06B5E100ACCD9F /* NewTweetViewController.m */,
				C4A7CC361A06B5E100ACCD9F /* NewTweetViewController.xib */,
				C4A7CC181A05921D00ACCD9F /* LoginViewController.h */,
				C4A7CC191A05921D00ACCD9F /* LoginViewController.m */,
				C4A7CC1A1A05921D00ACCD9F /* LoginViewController.xib */,
				C4A7CC1D1A0592E400ACCD9F /* TwitterClient.h */,
				C4A7CC1E1A0592E400ACCD9F /* TwitterClient.m */,
				C4A7CC2A1A05F46D00ACCD9F /* TweetsViewController.h */,
				C4A7CC2B1A05F46D00ACCD9F /* TweetsViewController.m */,
				C4A7CC2C1A05F46D00ACCD9F /* TweetsViewController.xib */,
				C40492461A0F02F0002607DB /* MainViewController.h */,
				C40492471A0F02F0002607DB /* MainViewController.m */,
				C40492481A0F02F0002607DB /* MainViewController.xib */,
				C404924B1A0F24C7002607DB /* ProfileViewController.h */,
				C404924C1A0F24C7002607DB /* ProfileViewController.m */,
				C404924D1A0F24C7002607DB /* ProfileViewController.xib */,
				C40492501A0F3C9A002607DB /* DummyViewController.h */,
				C40492511A0F3C9A002607DB /* DummyViewController.m */,
				C40492521A0F3C9A002607DB /* DummyViewController.xib */,
			);
			path = Twitter;
			sourceTree = "<group>";
		};
		C4A7CBF21A05905F00ACCD9F /* Supporting Files */ = {
			isa = PBXGroup;
			children = (
				C4A7CC491A07453000ACCD9F /* retweet_on.png */,
				C4A7CC4A1A07453000ACCD9F /* favorite_on.png */,
				C4A7CC3E1A07061800ACCD9F /* retweet.png */,
				C4A7CC3F1A07061800ACCD9F /* reply.png */,
				C4A7CC401A07061800ACCD9F /* favorite.png */,
				C4A7CBF31A05905F00ACCD9F /* Info.plist */,
				C4A7CBF41A05905F00ACCD9F /* main.m */,
			);
			name = "Supporting Files";
			sourceTree = "<group>";
		};
		C4A7CC0B1A05905F00ACCD9F /* TwitterTests */ = {
			isa = PBXGroup;
			children = (
				C4A7CC0E1A05905F00ACCD9F /* TwitterTests.m */,
				C4A7CC0C1A05905F00ACCD9F /* Supporting Files */,
			);
			path = TwitterTests;
			sourceTree = "<group>";
		};
		C4A7CC0C1A05905F00ACCD9F /* Supporting Files */ = {
			isa = PBXGroup;
			children = (
				C4A7CC0D1A05905F00ACCD9F /* Info.plist */,
			);
			name = "Supporting Files";
			sourceTree = "<group>";
		};
		C4A7CC231A05A48400ACCD9F /* Models */ = {
			isa = PBXGroup;
			children = (
				C4A7CC241A05A49700ACCD9F /* Tweet.h */,
				C4A7CC251A05A49700ACCD9F /* Tweet.m */,
				C4A7CC271A05A4A000ACCD9F /* User.h */,
				C4A7CC281A05A4A000ACCD9F /* User.m */,
				C4A7CC2F1A0693FF00ACCD9F /* TweetCell.h */,
				C4A7CC301A0693FF00ACCD9F /* TweetCell.m */,
				C4A7CC311A0693FF00ACCD9F /* TweetCell.xib */,
			);
			name = Models;
			sourceTree = "<group>";
		};
/* End PBXGroup section */

/* Begin PBXNativeTarget section */
		C4A7CBEE1A05905F00ACCD9F /* Twitter */ = {
			isa = PBXNativeTarget;
			buildConfigurationList = C4A7CC121A05905F00ACCD9F /* Build configuration list for PBXNativeTarget "Twitter" */;
			buildPhases = (
				958F9029FAB772A315B0E57D /* Check Pods Manifest.lock */,
				C4A7CBEB1A05905F00ACCD9F /* Sources */,
				C4A7CBEC1A05905F00ACCD9F /* Frameworks */,
				C4A7CBED1A05905F00ACCD9F /* Resources */,
				72EAD53342D94BF30906B5F8 /* Copy Pods Resources */,
			);
			buildRules = (
			);
			dependencies = (
			);
			name = Twitter;
			productName = Twitter;
			productReference = C4A7CBEF1A05905F00ACCD9F /* Twitter.app */;
			productType = "com.apple.product-type.application";
		};
		C4A7CC071A05905F00ACCD9F /* TwitterTests */ = {
			isa = PBXNativeTarget;
			buildConfigurationList = C4A7CC151A05905F00ACCD9F /* Build configuration list for PBXNativeTarget "TwitterTests" */;
			buildPhases = (
				C4A7CC041A05905F00ACCD9F /* Sources */,
				C4A7CC051A05905F00ACCD9F /* Frameworks */,
				C4A7CC061A05905F00ACCD9F /* Resources */,
			);
			buildRules = (
			);
			dependencies = (
				C4A7CC0A1A05905F00ACCD9F /* PBXTargetDependency */,
			);
			name = TwitterTests;
			productName = TwitterTests;
			productReference = C4A7CC081A05905F00ACCD9F /* TwitterTests.xctest */;
			productType = "com.apple.product-type.bundle.unit-test";
		};
/* End PBXNativeTarget section */

/* Begin PBXProject section */
		C4A7CBE71A05905F00ACCD9F /* Project object */ = {
			isa = PBXProject;
			attributes = {
				LastUpgradeCheck = 0610;
				ORGANIZATIONNAME = "Sumeet Ungratwar";
				TargetAttributes = {
					C4A7CBEE1A05905F00ACCD9F = {
						CreatedOnToolsVersion = 6.1;
					};
					C4A7CC071A05905F00ACCD9F = {
						CreatedOnToolsVersion = 6.1;
						TestTargetID = C4A7CBEE1A05905F00ACCD9F;
					};
				};
			};
			buildConfigurationList = C4A7CBEA1A05905F00ACCD9F /* Build configuration list for PBXProject "Twitter" */;
			compatibilityVersion = "Xcode 3.2";
			developmentRegion = English;
			hasScannedForEncodings = 0;
			knownRegions = (
				en,
				Base,
			);
			mainGroup = C4A7CBE61A05905F00ACCD9F;
			productRefGroup = C4A7CBF01A05905F00ACCD9F /* Products */;
			projectDirPath = "";
			projectRoot = "";
			targets = (
				C4A7CBEE1A05905F00ACCD9F /* Twitter */,
				C4A7CC071A05905F00ACCD9F /* TwitterTests */,
			);
		};
/* End PBXProject section */

/* Begin PBXResourcesBuildPhase section */
		C4A7CBED1A05905F00ACCD9F /* Resources */ = {
			isa = PBXResourcesBuildPhase;
			buildActionMask = 2147483647;
			files = (
				C4A7CC2E1A05F46D00ACCD9F /* TweetsViewController.xib in Resources */,
				C4A7CC431A07061800ACCD9F /* favorite.png in Resources */,
				C40492451A0EF8D0002607DB /* MenuViewController.xib in Resources */,
				C40492541A0F3C9A002607DB /* DummyViewController.xib in Resources */,
				C404924F1A0F24C7002607DB /* ProfileViewController.xib in Resources */,
				C4A7CC4B1A07453000ACCD9F /* retweet_on.png in Resources */,
				C4A7CC421A07061800ACCD9F /* reply.png in Resources */,
				C404924A1A0F02F0002607DB /* MainViewController.xib in Resources */,
				C4A7CC331A0693FF00ACCD9F /* TweetCell.xib in Resources */,
				C4A7CC031A05905F00ACCD9F /* LaunchScreen.xib in Resources */,
				C4A7CC381A06B5E100ACCD9F /* NewTweetViewController.xib in Resources */,
				C4A7CC001A05905F00ACCD9F /* Images.xcassets in Resources */,
				C4A7CC411A07061800ACCD9F /* retweet.png in Resources */,
				C4A7CC481A07166200ACCD9F /* TweetViewController.xib in Resources */,
				C4A7CC4C1A07453000ACCD9F /* favorite_on.png in Resources */,
				C4A7CC1C1A05921D00ACCD9F /* LoginViewController.xib in Resources */,
			);
			runOnlyForDeploymentPostprocessing = 0;
		};
		C4A7CC061A05905F00ACCD9F /* Resources */ = {
			isa = PBXResourcesBuildPhase;
			buildActionMask = 2147483647;
			files = (
			);
			runOnlyForDeploymentPostprocessing = 0;
		};
/* End PBXResourcesBuildPhase section */

/* Begin PBXShellScriptBuildPhase section */
		72EAD53342D94BF30906B5F8 /* Copy Pods Resources */ = {
			isa = PBXShellScriptBuildPhase;
			buildActionMask = 2147483647;
			files = (
			);
			inputPaths = (
			);
			name = "Copy Pods Resources";
			outputPaths = (
			);
			runOnlyForDeploymentPostprocessing = 0;
			shellPath = /bin/sh;
			shellScript = "\"${SRCROOT}/Pods/Target Support Files/Pods/Pods-resources.sh\"\n";
			showEnvVarsInLog = 0;
		};
		958F9029FAB772A315B0E57D /* Check Pods Manifest.lock */ = {
			isa = PBXShellScriptBuildPhase;
			buildActionMask = 2147483647;
			files = (
			);
			inputPaths = (
			);
			name = "Check Pods Manifest.lock";
			outputPaths = (
			);
			runOnlyForDeploymentPostprocessing = 0;
			shellPath = /bin/sh;
			shellScript = "diff \"${PODS_ROOT}/../Podfile.lock\" \"${PODS_ROOT}/Manifest.lock\" > /dev/null\nif [[ $? != 0 ]] ; then\n    cat << EOM\nerror: The sandbox is not in sync with the Podfile.lock. Run 'pod install' or update your CocoaPods installation.\nEOM\n    exit 1\nfi\n";
			showEnvVarsInLog = 0;
		};
/* End PBXShellScriptBuildPhase section */

/* Begin PBXSourcesBuildPhase section */
		C4A7CBEB1A05905F00ACCD9F /* Sources */ = {
			isa = PBXSourcesBuildPhase;
			buildActionMask = 2147483647;
			files = (
				C4A7CC1F1A0592E400ACCD9F /* TwitterClient.m in Sources */,
				C4A7CC371A06B5E100ACCD9F /* NewTweetViewController.m in Sources */,
				C4A7CBF81A05905F00ACCD9F /* AppDelegate.m in Sources */,
				C4A7CC291A05A4A000ACCD9F /* User.m in Sources */,
				C4A7CC471A07166200ACCD9F /* TweetViewController.m in Sources */,
				C4A7CC261A05A49700ACCD9F /* Tweet.m in Sources */,
				C4A7CBF51A05905F00ACCD9F /* main.m in Sources */,
				C40492491A0F02F0002607DB /* MainViewController.m in Sources */,
				C4A7CC1B1A05921D00ACCD9F /* LoginViewController.m in Sources */,
				C404924E1A0F24C7002607DB /* ProfileViewController.m in Sources */,
				C4A7CC2D1A05F46D00ACCD9F /* TweetsViewController.m in Sources */,
				C40492441A0EF8D0002607DB /* MenuViewController.m in Sources */,
				C4A7CC321A0693FF00ACCD9F /* TweetCell.m in Sources */,
				C40492531A0F3C9A002607DB /* DummyViewController.m in Sources */,
			);
			runOnlyForDeploymentPostprocessing = 0;
		};
		C4A7CC041A05905F00ACCD9F /* Sources */ = {
			isa = PBXSourcesBuildPhase;
			buildActionMask = 2147483647;
			files = (
				C4A7CC0F1A05905F00ACCD9F /* TwitterTests.m in Sources */,
			);
			runOnlyForDeploymentPostprocessing = 0;
		};
/* End PBXSourcesBuildPhase section */

/* Begin PBXTargetDependency section */
		C4A7CC0A1A05905F00ACCD9F /* PBXTargetDependency */ = {
			isa = PBXTargetDependency;
			target = C4A7CBEE1A05905F00ACCD9F /* Twitter */;
			targetProxy = C4A7CC091A05905F00ACCD9F /* PBXContainerItemProxy */;
		};
/* End PBXTargetDependency section */

/* Begin PBXVariantGroup section */
		C4A7CC011A05905F00ACCD9F /* LaunchScreen.xib */ = {
			isa = PBXVariantGroup;
			children = (
				C4A7CC021A05905F00ACCD9F /* Base */,
			);
			name = LaunchScreen.xib;
			sourceTree = "<group>";
		};
/* End PBXVariantGroup section */

/* Begin XCBuildConfiguration section */
		C4A7CC101A05905F00ACCD9F /* Debug */ = {
			isa = XCBuildConfiguration;
			buildSettings = {
				ALWAYS_SEARCH_USER_PATHS = NO;
				CLANG_CXX_LANGUAGE_STANDARD = "gnu++0x";
				CLANG_CXX_LIBRARY = "libc++";
				CLANG_ENABLE_MODULES = YES;
				CLANG_ENABLE_OBJC_ARC = YES;
				CLANG_WARN_BOOL_CONVERSION = YES;
				CLANG_WARN_CONSTANT_CONVERSION = YES;
				CLANG_WARN_DIRECT_OBJC_ISA_USAGE = YES_ERROR;
				CLANG_WARN_EMPTY_BODY = YES;
				CLANG_WARN_ENUM_CONVERSION = YES;
				CLANG_WARN_INT_CONVERSION = YES;
				CLANG_WARN_OBJC_ROOT_CLASS = YES_ERROR;
				CLANG_WARN_UNREACHABLE_CODE = YES;
				CLANG_WARN__DUPLICATE_METHOD_MATCH = YES;
				"CODE_SIGN_IDENTITY[sdk=iphoneos*]" = "iPhone Developer";
				COPY_PHASE_STRIP = NO;
				ENABLE_STRICT_OBJC_MSGSEND = YES;
				GCC_C_LANGUAGE_STANDARD = gnu99;
				GCC_DYNAMIC_NO_PIC = NO;
				GCC_OPTIMIZATION_LEVEL = 0;
				GCC_PREPROCESSOR_DEFINITIONS = (
					"DEBUG=1",
					"$(inherited)",
				);
				GCC_SYMBOLS_PRIVATE_EXTERN = NO;
				GCC_WARN_64_TO_32_BIT_CONVERSION = YES;
				GCC_WARN_ABOUT_RETURN_TYPE = YES_ERROR;
				GCC_WARN_UNDECLARED_SELECTOR = YES;
				GCC_WARN_UNINITIALIZED_AUTOS = YES_AGGRESSIVE;
				GCC_WARN_UNUSED_FUNCTION = YES;
				GCC_WARN_UNUSED_VARIABLE = YES;
				IPHONEOS_DEPLOYMENT_TARGET = 8.1;
				MTL_ENABLE_DEBUG_INFO = YES;
				ONLY_ACTIVE_ARCH = YES;
				SDKROOT = iphoneos;
				TARGETED_DEVICE_FAMILY = "1,2";
			};
			name = Debug;
		};
		C4A7CC111A05905F00ACCD9F /* Release */ = {
			isa = XCBuildConfiguration;
			buildSettings = {
				ALWAYS_SEARCH_USER_PATHS = NO;
				CLANG_CXX_LANGUAGE_STANDARD = "gnu++0x";
				CLANG_CXX_LIBRARY = "libc++";
				CLANG_ENABLE_MODULES = YES;
				CLANG_ENABLE_OBJC_ARC = YES;
				CLANG_WARN_BOOL_CONVERSION = YES;
				CLANG_WARN_CONSTANT_CONVERSION = YES;
				CLANG_WARN_DIRECT_OBJC_ISA_USAGE = YES_ERROR;
				CLANG_WARN_EMPTY_BODY = YES;
				CLANG_WARN_ENUM_CONVERSION = YES;
				CLANG_WARN_INT_CONVERSION = YES;
				CLANG_WARN_OBJC_ROOT_CLASS = YES_ERROR;
				CLANG_WARN_UNREACHABLE_CODE = YES;
				CLANG_WARN__DUPLICATE_METHOD_MATCH = YES;
				"CODE_SIGN_IDENTITY[sdk=iphoneos*]" = "iPhone Developer";
				COPY_PHASE_STRIP = YES;
				ENABLE_NS_ASSERTIONS = NO;
				ENABLE_STRICT_OBJC_MSGSEND = YES;
				GCC_C_LANGUAGE_STANDARD = gnu99;
				GCC_WARN_64_TO_32_BIT_CONVERSION = YES;
				GCC_WARN_ABOUT_RETURN_TYPE = YES_ERROR;
				GCC_WARN_UNDECLARED_SELECTOR = YES;
				GCC_WARN_UNINITIALIZED_AUTOS = YES_AGGRESSIVE;
				GCC_WARN_UNUSED_FUNCTION = YES;
				GCC_WARN_UNUSED_VARIABLE = YES;
				IPHONEOS_DEPLOYMENT_TARGET = 8.1;
				MTL_ENABLE_DEBUG_INFO = NO;
				SDKROOT = iphoneos;
				TARGETED_DEVICE_FAMILY = "1,2";
				VALIDATE_PRODUCT = YES;
			};
			name = Release;
		};
		C4A7CC131A05905F00ACCD9F /* Debug */ = {
			isa = XCBuildConfiguration;
			baseConfigurationReference = AAC1F54D9431FB321A4AEE8A /* Pods.debug.xcconfig */;
			buildSettings = {
				ASSETCATALOG_COMPILER_APPICON_NAME = AppIcon;
				INFOPLIST_FILE = Twitter/Info.plist;
				LD_RUNPATH_SEARCH_PATHS = "$(inherited) @executable_path/Frameworks";
				PRODUCT_NAME = "$(TARGET_NAME)";
			};
			name = Debug;
		};
		C4A7CC141A05905F00ACCD9F /* Release */ = {
			isa = XCBuildConfiguration;
			baseConfigurationReference = F8E5BB0D0D1C5121B5962771 /* Pods.release.xcconfig */;
			buildSettings = {
				ASSETCATALOG_COMPILER_APPICON_NAME = AppIcon;
				INFOPLIST_FILE = Twitter/Info.plist;
				LD_RUNPATH_SEARCH_PATHS = "$(inherited) @executable_path/Frameworks";
				PRODUCT_NAME = "$(TARGET_NAME)";
			};
			name = Release;
		};
		C4A7CC161A05905F00ACCD9F /* Debug */ = {
			isa = XCBuildConfiguration;
			buildSettings = {
				BUNDLE_LOADER = "$(TEST_HOST)";
				FRAMEWORK_SEARCH_PATHS = (
					"$(SDKROOT)/Developer/Library/Frameworks",
					"$(inherited)",
				);
				GCC_PREPROCESSOR_DEFINITIONS = (
					"DEBUG=1",
					"$(inherited)",
				);
				INFOPLIST_FILE = TwitterTests/Info.plist;
				LD_RUNPATH_SEARCH_PATHS = "$(inherited) @executable_path/Frameworks @loader_path/Frameworks";
				PRODUCT_NAME = "$(TARGET_NAME)";
				TEST_HOST = "$(BUILT_PRODUCTS_DIR)/Twitter.app/Twitter";
			};
			name = Debug;
		};
		C4A7CC171A05905F00ACCD9F /* Release */ = {
			isa = XCBuildConfiguration;
			buildSettings = {
				BUNDLE_LOADER = "$(TEST_HOST)";
				FRAMEWORK_SEARCH_PATHS = (
					"$(SDKROOT)/Developer/Library/Frameworks",
					"$(inherited)",
				);
				INFOPLIST_FILE = TwitterTests/Info.plist;
				LD_RUNPATH_SEARCH_PATHS = "$(inherited) @executable_path/Frameworks @loader_path/Frameworks";
				PRODUCT_NAME = "$(TARGET_NAME)";
				TEST_HOST = "$(BUILT_PRODUCTS_DIR)/Twitter.app/Twitter";
			};
			name = Release;
		};
/* End XCBuildConfiguration section */

/* Begin XCConfigurationList section */
		C4A7CBEA1A05905F00ACCD9F /* Build configuration list for PBXProject "Twitter" */ = {
			isa = XCConfigurationList;
			buildConfigurations = (
				C4A7CC101A05905F00ACCD9F /* Debug */,
				C4A7CC111A05905F00ACCD9F /* Release */,
			);
			defaultConfigurationIsVisible = 0;
			defaultConfigurationName = Release;
		};
		C4A7CC121A05905F00ACCD9F /* Build configuration list for PBXNativeTarget "Twitter" */ = {
			isa = XCConfigurationList;
			buildConfigurations = (
				C4A7CC131A05905F00ACCD9F /* Debug */,
				C4A7CC141A05905F00ACCD9F /* Release */,
			);
			defaultConfigurationIsVisible = 0;
			defaultConfigurationName = Release;
		};
		C4A7CC151A05905F00ACCD9F /* Build configuration list for PBXNativeTarget "TwitterTests" */ = {
			isa = XCConfigurationList;
			buildConfigurations = (
				C4A7CC161A05905F00ACCD9F /* Debug */,
				C4A7CC171A05905F00ACCD9F /* Release */,
			);
			defaultConfigurationIsVisible = 0;
			defaultConfigurationName = Release;
		};
/* End XCConfigurationList section */
	};
	rootObject = C4A7CBE71A05905F00ACCD9F /* Project object */;
}
